
Microsoft Visual Studio Solution File, Format Version 12.00
# Visual Studio Version 17
VisualStudioVersion = 17.13.35931.197 d17.13
MinimumVisualStudioVersion = 10.0.40219.1
Project("{FAE04EC0-301F-11D3-BF4B-00C04F79EFBC}") = "CadRestaurant", "CadRestaurant\CadRestaurant.csproj", "{94130BF2-B71B-4963-B3E4-98945DE8816F}"
EndProject
Project("{FAE04EC0-301F-11D3-BF4B-00C04F79EFBC}") = "ClnRestaurant", "ClnRestaurant\ClnRestaurant.csproj", "{6CA7B103-066A-4987-8FC3-4F52B30D3E3C}"
EndProject
Project("{FAE04EC0-301F-11D3-BF4B-00C04F79EFBC}") = "CpRestaurant", "CpRestaurant\CpRestaurant.csproj", "{6103A87F-4AFA-4297-94CC-D652176BAC25}"
EndProject
Global
	GlobalSection(SolutionConfigurationPlatforms) = preSolution
		Debug|Any CPU = Debug|Any CPU
		Release|Any CPU = Release|Any CPU
	EndGlobalSection
	GlobalSection(ProjectConfigurationPlatforms) = postSolution
		{94130BF2-B71B-4963-B3E4-98945DE8816F}.Debug|Any CPU.ActiveCfg = Debug|Any CPU
		{94130BF2-B71B-4963-B3E4-98945DE8816F}.Debug|Any CPU.Build.0 = Debug|Any CPU
		{94130BF2-B71B-4963-B3E4-98945DE8816F}.Release|Any CPU.ActiveCfg = Release|Any CPU
		{94130BF2-B71B-4963-B3E4-98945DE8816F}.Release|Any CPU.Build.0 = Release|Any CPU
		{6CA7B103-066A-4987-8FC3-4F52B30D3E3C}.Debug|Any CPU.ActiveCfg = Debug|Any CPU
		{6CA7B103-066A-4987-8FC3-4F52B30D3E3C}.Debug|Any CPU.Build.0 = Debug|Any CPU
		{6CA7B103-066A-4987-8FC3-4F52B30D3E3C}.Release|Any CPU.ActiveCfg = Release|Any CPU
		{6CA7B103-066A-4987-8FC3-4F52B30D3E3C}.Release|Any CPU.Build.0 = Release|Any CPU
		{6103A87F-4AFA-4297-94CC-D652176BAC25}.Debug|Any CPU.ActiveCfg = Debug|Any CPU
		{6103A87F-4AFA-4297-94CC-D652176BAC25}.Debug|Any CPU.Build.0 = Debug|Any CPU
		{6103A87F-4AFA-4297-94CC-D652176BAC25}.Release|Any CPU.ActiveCfg = Release|Any CPU
		{6103A87F-4AFA-4297-94CC-D652176BAC25}.Release|Any CPU.Build.0 = Release|Any CPU
	EndGlobalSection
	GlobalSection(SolutionProperties) = preSolution
		HideSolutionNode = FALSE
	EndGlobalSection
	GlobalSection(ExtensibilityGlobals) = postSolution
		SolutionGuid = {8C171ACA-7C9D-4DF8-9910-22FC80F4B809}
	EndGlobalSection
EndGlobal
